
Microsoft Visual Studio Solution File, Format Version 12.00
# Visual Studio 15
Project("{FAE04EC0-301F-11D3-BF4B-00C04F79EFBC}") = "OrkJkh.Core.Api", "OrkJkh.Core.Api\OrkJkh.Core.Api.csproj", "{2DBBF733-C689-4AEA-B463-EFF69750EC51}"
EndProject
Project("{FAE04EC0-301F-11D3-BF4B-00C04F79EFBC}") = "OrkJkh.ConsoleCSVParser", "OrkJkh.ConsoleCSVParser\OrkJkh.ConsoleCSVParser.csproj", "{DE25F8E0-6063-4903-A1B7-101D1D37EE2C}"
EndProject
Project("{FAE04EC0-301F-11D3-BF4B-00C04F79EFBC}") = "SharedModels", "SharedModels\SharedModels.csproj", "{2495B4AC-46B5-4395-A86C-B0B2D6296389}"
EndProject
Project("{FAE04EC0-301F-11D3-BF4B-00C04F79EFBC}") = "MeterDataEmulator", "MeterDataEmulator\MeterDataEmulator.csproj", "{C3610C5B-679E-4887-A8B8-2A0D38D03C71}"
EndProject
Global
	GlobalSection(SolutionConfigurationPlatforms) = preSolution
		Debug|Any CPU = Debug|Any CPU
		Release|Any CPU = Release|Any CPU
	EndGlobalSection
	GlobalSection(ProjectConfigurationPlatforms) = postSolution
		{2DBBF733-C689-4AEA-B463-EFF69750EC51}.Debug|Any CPU.ActiveCfg = Debug|Any CPU
		{2DBBF733-C689-4AEA-B463-EFF69750EC51}.Debug|Any CPU.Build.0 = Debug|Any CPU
		{2DBBF733-C689-4AEA-B463-EFF69750EC51}.Release|Any CPU.ActiveCfg = Release|Any CPU
		{2DBBF733-C689-4AEA-B463-EFF69750EC51}.Release|Any CPU.Build.0 = Release|Any CPU
		{DE25F8E0-6063-4903-A1B7-101D1D37EE2C}.Debug|Any CPU.ActiveCfg = Debug|Any CPU
		{DE25F8E0-6063-4903-A1B7-101D1D37EE2C}.Debug|Any CPU.Build.0 = Debug|Any CPU
		{DE25F8E0-6063-4903-A1B7-101D1D37EE2C}.Release|Any CPU.ActiveCfg = Release|Any CPU
		{DE25F8E0-6063-4903-A1B7-101D1D37EE2C}.Release|Any CPU.Build.0 = Release|Any CPU
		{2495B4AC-46B5-4395-A86C-B0B2D6296389}.Debug|Any CPU.ActiveCfg = Debug|Any CPU
		{2495B4AC-46B5-4395-A86C-B0B2D6296389}.Debug|Any CPU.Build.0 = Debug|Any CPU
		{2495B4AC-46B5-4395-A86C-B0B2D6296389}.Release|Any CPU.ActiveCfg = Release|Any CPU
		{2495B4AC-46B5-4395-A86C-B0B2D6296389}.Release|Any CPU.Build.0 = Release|Any CPU
		{C3610C5B-679E-4887-A8B8-2A0D38D03C71}.Debug|Any CPU.ActiveCfg = Debug|Any CPU
		{C3610C5B-679E-4887-A8B8-2A0D38D03C71}.Debug|Any CPU.Build.0 = Debug|Any CPU
		{C3610C5B-679E-4887-A8B8-2A0D38D03C71}.Release|Any CPU.ActiveCfg = Release|Any CPU
		{C3610C5B-679E-4887-A8B8-2A0D38D03C71}.Release|Any CPU.Build.0 = Release|Any CPU
	EndGlobalSection
EndGlobal
